
Microsoft Visual Studio Solution File, Format Version 12.00
# Visual Studio 14
VisualStudioVersion = 14.0.25123.0
MinimumVisualStudioVersion = 10.0.40219.1
Project("{2150E333-8FDC-42A3-9474-1A3956D46DE8}") = "test", "test", "{CF0659E1-9C0D-4D35-8FBA-CC5E94619853}"
EndProject
Project("{D954291E-2A0B-460D-934E-DC6B0785DB48}") = "Flurl.Test.Shared", "test\Flurl.Test.Shared\Flurl.Test.Shared.shproj", "{4C7C0861-84F6-436E-8FA6-4C318B336A7B}"
EndProject
Project("{FAE04EC0-301F-11D3-BF4B-00C04F79EFBC}") = "Flurl.Test.NET45", "test\Flurl.Test.NET45\Flurl.Test.NET45.csproj", "{3F6BE828-FA29-429E-99E1-F1FCDFDC1205}"
EndProject
Project("{FAE04EC0-301F-11D3-BF4B-00C04F79EFBC}") = "Flurl.Test.PCL", "test\Flurl.Test.PCL\Flurl.Test.PCL.csproj", "{49CB777F-D13D-401A-9206-48A6B2ECB276}"
EndProject
Project("{8BB2217D-0F2D-49D1-97BC-3654ED321F3B}") = "Flurl.Http.Library", "src\Flurl.Http.Library\Flurl.Http.Library.xproj", "{52C8C00D-9BD2-4642-B103-F0A8C564FE05}"
EndProject
Project("{8BB2217D-0F2D-49D1-97BC-3654ED321F3B}") = "Flurl.Library", "src\Flurl.Library\Flurl.Library.xproj", "{52CE5E08-8F02-4F75-8B64-8E00E3262A0F}"
EndProject
Project("{2150E333-8FDC-42A3-9474-1A3956D46DE8}") = "packageTesters", "packageTesters", "{FA115433-6141-4A60-B3F2-8A5972632B50}"
EndProject
Project("{8BB2217D-0F2D-49D1-97BC-3654ED321F3B}") = "PackageTester.NETCore", "packageTesters\PackageTester.NETCore\PackageTester.NETCore.xproj", "{037B6DCC-8249-474C-AD60-60DE9E917EDC}"
EndProject
Project("{D954291E-2A0B-460D-934E-DC6B0785DB48}") = "Flurl.Http.Shared", "src\Flurl.Http.Shared\Flurl.Http.Shared.shproj", "{734E6962-97E2-4318-9A2D-C87E76921AFB}"
EndProject
Project("{D954291E-2A0B-460D-934E-DC6B0785DB48}") = "Flurl.Shared", "src\Flurl.Shared\Flurl.Shared.shproj", "{ED944C76-9613-474E-9861-54E41A3E77CD}"
EndProject
Project("{2150E333-8FDC-42A3-9474-1A3956D46DE8}") = "src", "src", "{2E0F19CD-3A0D-42BF-8F85-85B113FD546C}"
EndProject
Project("{D954291E-2A0B-460D-934E-DC6B0785DB48}") = "PackageTester.Shared", "packageTesters\PackageTester.Shared\PackageTester.Shared.shproj", "{19C1BEFD-9DF7-4EFA-9D7D-37B0DC6EEF54}"
EndProject
Project("{8BB2217D-0F2D-49D1-97BC-3654ED321F3B}") = "Flurl.Http.CodeGen", "src\Flurl.Http.CodeGen\Flurl.Http.CodeGen.xproj", "{D27D66C8-240D-4B7F-A9FE-B10E237668A1}"
EndProject
Project("{8BB2217D-0F2D-49D1-97BC-3654ED321F3B}") = "Flurl.Test.NETCore", "Test\Flurl.Test.NETCore\Flurl.Test.NETCore.xproj", "{57899B31-5054-411E-B89B-AC949EA244AC}"
EndProject
Project("{FAE04EC0-301F-11D3-BF4B-00C04F79EFBC}") = "PackageTester.NET45", "packageTesters\PackageTester.NET45\PackageTester.NET45.csproj", "{48AE832A-29C0-4778-94A4-31E2F6E10805}"
EndProject
Project("{FAE04EC0-301F-11D3-BF4B-00C04F79EFBC}") = "PackageTester.PCL", "packageTesters\PackageTester.PCL\PackageTester.PCL.csproj", "{0A32978C-BC48-4DFB-B1F7-B88541B0D686}"
EndProject
Project("{FAE04EC0-301F-11D3-BF4B-00C04F79EFBC}") = "PackageTester.NET461", "PackageTesters\PackageTester.NET461\PackageTester.NET461.csproj", "{D00A7C13-AB11-46F0-A694-8986DEC6AC5D}"
EndProject
Project("{2150E333-8FDC-42A3-9474-1A3956D46DE8}") = "nuspec", "nuspec", "{E41F6027-C2B2-4A30-BEBA-A6B059D7DFF4}"
	ProjectSection(SolutionItems) = preProject
		Build\nuspec\Flurl.Http.nuspec = Build\nuspec\Flurl.Http.nuspec
		Build\nuspec\Flurl.nuspec = Build\nuspec\Flurl.nuspec
	EndProjectSection
EndProject
Global
	GlobalSection(SharedMSBuildProjectFiles) = preSolution
		Test\Flurl.Test.Shared\Flurl.Test.Shared.projitems*{4c7c0861-84f6-436e-8fa6-4c318b336a7b}*SharedItemsImports = 13
		PackageTesters\PackageTester.Shared\PackageTester.Shared.projitems*{19c1befd-9df7-4efa-9d7d-37b0dc6eef54}*SharedItemsImports = 13
		src\Flurl.Http.Shared\Flurl.Http.Shared.projitems*{49cb777f-d13d-401a-9206-48a6b2ecb276}*SharedItemsImports = 4
		Test\Flurl.Test.Shared\Flurl.Test.Shared.projitems*{49cb777f-d13d-401a-9206-48a6b2ecb276}*SharedItemsImports = 4
		src\Flurl.Shared\Flurl.Shared.projitems*{49cb777f-d13d-401a-9206-48a6b2ecb276}*SharedItemsImports = 4
		PackageTesters\PackageTester.Shared\PackageTester.Shared.projitems*{d00a7c13-ab11-46f0-a694-8986dec6ac5d}*SharedItemsImports = 4
		PackageTesters\PackageTester.Shared\PackageTester.Shared.projitems*{0a32978c-bc48-4dfb-b1f7-b88541b0d686}*SharedItemsImports = 4
		src\Flurl.Http.Shared\Flurl.Http.Shared.projitems*{734e6962-97e2-4318-9a2d-c87e76921afb}*SharedItemsImports = 13
		src\Flurl.Shared\Flurl.Shared.projitems*{ed944c76-9613-474e-9861-54e41a3e77cd}*SharedItemsImports = 13
		src\Flurl.Http.Shared\Flurl.Http.Shared.projitems*{3f6be828-fa29-429e-99e1-f1fcdfdc1205}*SharedItemsImports = 4
		Test\Flurl.Test.Shared\Flurl.Test.Shared.projitems*{3f6be828-fa29-429e-99e1-f1fcdfdc1205}*SharedItemsImports = 4
		src\Flurl.Shared\Flurl.Shared.projitems*{3f6be828-fa29-429e-99e1-f1fcdfdc1205}*SharedItemsImports = 4
	EndGlobalSection
	GlobalSection(SolutionConfigurationPlatforms) = preSolution
		Ad-Hoc|Any CPU = Ad-Hoc|Any CPU
		Ad-Hoc|iPhone = Ad-Hoc|iPhone
		Ad-Hoc|iPhoneSimulator = Ad-Hoc|iPhoneSimulator
		Ad-Hoc|Mixed Platforms = Ad-Hoc|Mixed Platforms
		AppStore|Any CPU = AppStore|Any CPU
		AppStore|iPhone = AppStore|iPhone
		AppStore|iPhoneSimulator = AppStore|iPhoneSimulator
		AppStore|Mixed Platforms = AppStore|Mixed Platforms
		Debug|Any CPU = Debug|Any CPU
		Debug|iPhone = Debug|iPhone
		Debug|iPhoneSimulator = Debug|iPhoneSimulator
		Debug|Mixed Platforms = Debug|Mixed Platforms
		Release|Any CPU = Release|Any CPU
		Release|iPhone = Release|iPhone
		Release|iPhoneSimulator = Release|iPhoneSimulator
		Release|Mixed Platforms = Release|Mixed Platforms
	EndGlobalSection
	GlobalSection(ProjectConfigurationPlatforms) = postSolution
		{3F6BE828-FA29-429E-99E1-F1FCDFDC1205}.Ad-Hoc|Any CPU.ActiveCfg = Release|Any CPU
		{3F6BE828-FA29-429E-99E1-F1FCDFDC1205}.Ad-Hoc|Any CPU.Build.0 = Release|Any CPU
		{3F6BE828-FA29-429E-99E1-F1FCDFDC1205}.Ad-Hoc|iPhone.ActiveCfg = Release|Any CPU
		{3F6BE828-FA29-429E-99E1-F1FCDFDC1205}.Ad-Hoc|iPhoneSimulator.ActiveCfg = Release|Any CPU
		{3F6BE828-FA29-429E-99E1-F1FCDFDC1205}.Ad-Hoc|Mixed Platforms.ActiveCfg = Release|Any CPU
		{3F6BE828-FA29-429E-99E1-F1FCDFDC1205}.Ad-Hoc|Mixed Platforms.Build.0 = Release|Any CPU
		{3F6BE828-FA29-429E-99E1-F1FCDFDC1205}.AppStore|Any CPU.ActiveCfg = Release|Any CPU
		{3F6BE828-FA29-429E-99E1-F1FCDFDC1205}.AppStore|Any CPU.Build.0 = Release|Any CPU
		{3F6BE828-FA29-429E-99E1-F1FCDFDC1205}.AppStore|iPhone.ActiveCfg = Release|Any CPU
		{3F6BE828-FA29-429E-99E1-F1FCDFDC1205}.AppStore|iPhoneSimulator.ActiveCfg = Release|Any CPU
		{3F6BE828-FA29-429E-99E1-F1FCDFDC1205}.AppStore|Mixed Platforms.ActiveCfg = Release|Any CPU
		{3F6BE828-FA29-429E-99E1-F1FCDFDC1205}.AppStore|Mixed Platforms.Build.0 = Release|Any CPU
		{3F6BE828-FA29-429E-99E1-F1FCDFDC1205}.Debug|Any CPU.ActiveCfg = Debug|Any CPU
		{3F6BE828-FA29-429E-99E1-F1FCDFDC1205}.Debug|Any CPU.Build.0 = Debug|Any CPU
		{3F6BE828-FA29-429E-99E1-F1FCDFDC1205}.Debug|iPhone.ActiveCfg = Debug|Any CPU
		{3F6BE828-FA29-429E-99E1-F1FCDFDC1205}.Debug|iPhoneSimulator.ActiveCfg = Debug|Any CPU
		{3F6BE828-FA29-429E-99E1-F1FCDFDC1205}.Debug|Mixed Platforms.ActiveCfg = Debug|Any CPU
		{3F6BE828-FA29-429E-99E1-F1FCDFDC1205}.Debug|Mixed Platforms.Build.0 = Debug|Any CPU
		{3F6BE828-FA29-429E-99E1-F1FCDFDC1205}.Release|Any CPU.ActiveCfg = Release|Any CPU
		{3F6BE828-FA29-429E-99E1-F1FCDFDC1205}.Release|Any CPU.Build.0 = Release|Any CPU
		{3F6BE828-FA29-429E-99E1-F1FCDFDC1205}.Release|iPhone.ActiveCfg = Release|Any CPU
		{3F6BE828-FA29-429E-99E1-F1FCDFDC1205}.Release|iPhoneSimulator.ActiveCfg = Release|Any CPU
		{3F6BE828-FA29-429E-99E1-F1FCDFDC1205}.Release|Mixed Platforms.ActiveCfg = Release|Any CPU
		{3F6BE828-FA29-429E-99E1-F1FCDFDC1205}.Release|Mixed Platforms.Build.0 = Release|Any CPU
		{49CB777F-D13D-401A-9206-48A6B2ECB276}.Ad-Hoc|Any CPU.ActiveCfg = Release|Any CPU
		{49CB777F-D13D-401A-9206-48A6B2ECB276}.Ad-Hoc|Any CPU.Build.0 = Release|Any CPU
		{49CB777F-D13D-401A-9206-48A6B2ECB276}.Ad-Hoc|iPhone.ActiveCfg = Release|Any CPU
		{49CB777F-D13D-401A-9206-48A6B2ECB276}.Ad-Hoc|iPhoneSimulator.ActiveCfg = Release|Any CPU
		{49CB777F-D13D-401A-9206-48A6B2ECB276}.Ad-Hoc|Mixed Platforms.ActiveCfg = Release|Any CPU
		{49CB777F-D13D-401A-9206-48A6B2ECB276}.Ad-Hoc|Mixed Platforms.Build.0 = Release|Any CPU
		{49CB777F-D13D-401A-9206-48A6B2ECB276}.AppStore|Any CPU.ActiveCfg = Release|Any CPU
		{49CB777F-D13D-401A-9206-48A6B2ECB276}.AppStore|Any CPU.Build.0 = Release|Any CPU
		{49CB777F-D13D-401A-9206-48A6B2ECB276}.AppStore|iPhone.ActiveCfg = Release|Any CPU
		{49CB777F-D13D-401A-9206-48A6B2ECB276}.AppStore|iPhoneSimulator.ActiveCfg = Release|Any CPU
		{49CB777F-D13D-401A-9206-48A6B2ECB276}.AppStore|Mixed Platforms.ActiveCfg = Release|Any CPU
		{49CB777F-D13D-401A-9206-48A6B2ECB276}.AppStore|Mixed Platforms.Build.0 = Release|Any CPU
		{49CB777F-D13D-401A-9206-48A6B2ECB276}.Debug|Any CPU.ActiveCfg = Debug|Any CPU
		{49CB777F-D13D-401A-9206-48A6B2ECB276}.Debug|Any CPU.Build.0 = Debug|Any CPU
		{49CB777F-D13D-401A-9206-48A6B2ECB276}.Debug|iPhone.ActiveCfg = Debug|Any CPU
		{49CB777F-D13D-401A-9206-48A6B2ECB276}.Debug|iPhoneSimulator.ActiveCfg = Debug|Any CPU
		{49CB777F-D13D-401A-9206-48A6B2ECB276}.Debug|Mixed Platforms.ActiveCfg = Debug|Any CPU
		{49CB777F-D13D-401A-9206-48A6B2ECB276}.Debug|Mixed Platforms.Build.0 = Debug|Any CPU
		{49CB777F-D13D-401A-9206-48A6B2ECB276}.Release|Any CPU.ActiveCfg = Release|Any CPU
		{49CB777F-D13D-401A-9206-48A6B2ECB276}.Release|Any CPU.Build.0 = Release|Any CPU
		{49CB777F-D13D-401A-9206-48A6B2ECB276}.Release|iPhone.ActiveCfg = Release|Any CPU
		{49CB777F-D13D-401A-9206-48A6B2ECB276}.Release|iPhoneSimulator.ActiveCfg = Release|Any CPU
		{49CB777F-D13D-401A-9206-48A6B2ECB276}.Release|Mixed Platforms.ActiveCfg = Release|Any CPU
		{49CB777F-D13D-401A-9206-48A6B2ECB276}.Release|Mixed Platforms.Build.0 = Release|Any CPU
		{52C8C00D-9BD2-4642-B103-F0A8C564FE05}.Ad-Hoc|Any CPU.ActiveCfg = Debug|Any CPU
		{52C8C00D-9BD2-4642-B103-F0A8C564FE05}.Ad-Hoc|Any CPU.Build.0 = Debug|Any CPU
		{52C8C00D-9BD2-4642-B103-F0A8C564FE05}.Ad-Hoc|iPhone.ActiveCfg = Debug|Any CPU
		{52C8C00D-9BD2-4642-B103-F0A8C564FE05}.Ad-Hoc|iPhone.Build.0 = Debug|Any CPU
		{52C8C00D-9BD2-4642-B103-F0A8C564FE05}.Ad-Hoc|iPhoneSimulator.ActiveCfg = Debug|Any CPU
		{52C8C00D-9BD2-4642-B103-F0A8C564FE05}.Ad-Hoc|iPhoneSimulator.Build.0 = Debug|Any CPU
		{52C8C00D-9BD2-4642-B103-F0A8C564FE05}.Ad-Hoc|Mixed Platforms.ActiveCfg = Debug|Any CPU
		{52C8C00D-9BD2-4642-B103-F0A8C564FE05}.Ad-Hoc|Mixed Platforms.Build.0 = Debug|Any CPU
		{52C8C00D-9BD2-4642-B103-F0A8C564FE05}.AppStore|Any CPU.ActiveCfg = Debug|Any CPU
		{52C8C00D-9BD2-4642-B103-F0A8C564FE05}.AppStore|Any CPU.Build.0 = Debug|Any CPU
		{52C8C00D-9BD2-4642-B103-F0A8C564FE05}.AppStore|iPhone.ActiveCfg = Debug|Any CPU
		{52C8C00D-9BD2-4642-B103-F0A8C564FE05}.AppStore|iPhone.Build.0 = Debug|Any CPU
		{52C8C00D-9BD2-4642-B103-F0A8C564FE05}.AppStore|iPhoneSimulator.ActiveCfg = Debug|Any CPU
		{52C8C00D-9BD2-4642-B103-F0A8C564FE05}.AppStore|iPhoneSimulator.Build.0 = Debug|Any CPU
		{52C8C00D-9BD2-4642-B103-F0A8C564FE05}.AppStore|Mixed Platforms.ActiveCfg = Debug|Any CPU
		{52C8C00D-9BD2-4642-B103-F0A8C564FE05}.AppStore|Mixed Platforms.Build.0 = Debug|Any CPU
		{52C8C00D-9BD2-4642-B103-F0A8C564FE05}.Debug|Any CPU.ActiveCfg = Debug|Any CPU
		{52C8C00D-9BD2-4642-B103-F0A8C564FE05}.Debug|Any CPU.Build.0 = Debug|Any CPU
		{52C8C00D-9BD2-4642-B103-F0A8C564FE05}.Debug|iPhone.ActiveCfg = Debug|Any CPU
		{52C8C00D-9BD2-4642-B103-F0A8C564FE05}.Debug|iPhone.Build.0 = Debug|Any CPU
		{52C8C00D-9BD2-4642-B103-F0A8C564FE05}.Debug|iPhoneSimulator.ActiveCfg = Debug|Any CPU
		{52C8C00D-9BD2-4642-B103-F0A8C564FE05}.Debug|iPhoneSimulator.Build.0 = Debug|Any CPU
		{52C8C00D-9BD2-4642-B103-F0A8C564FE05}.Debug|Mixed Platforms.ActiveCfg = Debug|Any CPU
		{52C8C00D-9BD2-4642-B103-F0A8C564FE05}.Debug|Mixed Platforms.Build.0 = Debug|Any CPU
		{52C8C00D-9BD2-4642-B103-F0A8C564FE05}.Release|Any CPU.ActiveCfg = Release|Any CPU
		{52C8C00D-9BD2-4642-B103-F0A8C564FE05}.Release|Any CPU.Build.0 = Release|Any CPU
		{52C8C00D-9BD2-4642-B103-F0A8C564FE05}.Release|iPhone.ActiveCfg = Release|Any CPU
		{52C8C00D-9BD2-4642-B103-F0A8C564FE05}.Release|iPhone.Build.0 = Release|Any CPU
		{52C8C00D-9BD2-4642-B103-F0A8C564FE05}.Release|iPhoneSimulator.ActiveCfg = Release|Any CPU
		{52C8C00D-9BD2-4642-B103-F0A8C564FE05}.Release|iPhoneSimulator.Build.0 = Release|Any CPU
		{52C8C00D-9BD2-4642-B103-F0A8C564FE05}.Release|Mixed Platforms.ActiveCfg = Release|Any CPU
		{52C8C00D-9BD2-4642-B103-F0A8C564FE05}.Release|Mixed Platforms.Build.0 = Release|Any CPU
		{52CE5E08-8F02-4F75-8B64-8E00E3262A0F}.Ad-Hoc|Any CPU.ActiveCfg = Debug|Any CPU
		{52CE5E08-8F02-4F75-8B64-8E00E3262A0F}.Ad-Hoc|Any CPU.Build.0 = Debug|Any CPU
		{52CE5E08-8F02-4F75-8B64-8E00E3262A0F}.Ad-Hoc|iPhone.ActiveCfg = Debug|Any CPU
		{52CE5E08-8F02-4F75-8B64-8E00E3262A0F}.Ad-Hoc|iPhone.Build.0 = Debug|Any CPU
		{52CE5E08-8F02-4F75-8B64-8E00E3262A0F}.Ad-Hoc|iPhoneSimulator.ActiveCfg = Debug|Any CPU
		{52CE5E08-8F02-4F75-8B64-8E00E3262A0F}.Ad-Hoc|iPhoneSimulator.Build.0 = Debug|Any CPU
		{52CE5E08-8F02-4F75-8B64-8E00E3262A0F}.Ad-Hoc|Mixed Platforms.ActiveCfg = Debug|Any CPU
		{52CE5E08-8F02-4F75-8B64-8E00E3262A0F}.Ad-Hoc|Mixed Platforms.Build.0 = Debug|Any CPU
		{52CE5E08-8F02-4F75-8B64-8E00E3262A0F}.AppStore|Any CPU.ActiveCfg = Debug|Any CPU
		{52CE5E08-8F02-4F75-8B64-8E00E3262A0F}.AppStore|Any CPU.Build.0 = Debug|Any CPU
		{52CE5E08-8F02-4F75-8B64-8E00E3262A0F}.AppStore|iPhone.ActiveCfg = Debug|Any CPU
		{52CE5E08-8F02-4F75-8B64-8E00E3262A0F}.AppStore|iPhone.Build.0 = Debug|Any CPU
		{52CE5E08-8F02-4F75-8B64-8E00E3262A0F}.AppStore|iPhoneSimulator.ActiveCfg = Debug|Any CPU
		{52CE5E08-8F02-4F75-8B64-8E00E3262A0F}.AppStore|iPhoneSimulator.Build.0 = Debug|Any CPU
		{52CE5E08-8F02-4F75-8B64-8E00E3262A0F}.AppStore|Mixed Platforms.ActiveCfg = Debug|Any CPU
		{52CE5E08-8F02-4F75-8B64-8E00E3262A0F}.AppStore|Mixed Platforms.Build.0 = Debug|Any CPU
		{52CE5E08-8F02-4F75-8B64-8E00E3262A0F}.Debug|Any CPU.ActiveCfg = Debug|Any CPU
		{52CE5E08-8F02-4F75-8B64-8E00E3262A0F}.Debug|Any CPU.Build.0 = Debug|Any CPU
		{52CE5E08-8F02-4F75-8B64-8E00E3262A0F}.Debug|iPhone.ActiveCfg = Debug|Any CPU
		{52CE5E08-8F02-4F75-8B64-8E00E3262A0F}.Debug|iPhone.Build.0 = Debug|Any CPU
		{52CE5E08-8F02-4F75-8B64-8E00E3262A0F}.Debug|iPhoneSimulator.ActiveCfg = Debug|Any CPU
		{52CE5E08-8F02-4F75-8B64-8E00E3262A0F}.Debug|iPhoneSimulator.Build.0 = Debug|Any CPU
		{52CE5E08-8F02-4F75-8B64-8E00E3262A0F}.Debug|Mixed Platforms.ActiveCfg = Debug|Any CPU
		{52CE5E08-8F02-4F75-8B64-8E00E3262A0F}.Debug|Mixed Platforms.Build.0 = Debug|Any CPU
		{52CE5E08-8F02-4F75-8B64-8E00E3262A0F}.Release|Any CPU.ActiveCfg = Release|Any CPU
		{52CE5E08-8F02-4F75-8B64-8E00E3262A0F}.Release|Any CPU.Build.0 = Release|Any CPU
		{52CE5E08-8F02-4F75-8B64-8E00E3262A0F}.Release|iPhone.ActiveCfg = Release|Any CPU
		{52CE5E08-8F02-4F75-8B64-8E00E3262A0F}.Release|iPhone.Build.0 = Release|Any CPU
		{52CE5E08-8F02-4F75-8B64-8E00E3262A0F}.Release|iPhoneSimulator.ActiveCfg = Release|Any CPU
		{52CE5E08-8F02-4F75-8B64-8E00E3262A0F}.Release|iPhoneSimulator.Build.0 = Release|Any CPU
		{52CE5E08-8F02-4F75-8B64-8E00E3262A0F}.Release|Mixed Platforms.ActiveCfg = Release|Any CPU
		{52CE5E08-8F02-4F75-8B64-8E00E3262A0F}.Release|Mixed Platforms.Build.0 = Release|Any CPU
		{037B6DCC-8249-474C-AD60-60DE9E917EDC}.Ad-Hoc|Any CPU.ActiveCfg = Debug|Any CPU
		{037B6DCC-8249-474C-AD60-60DE9E917EDC}.Ad-Hoc|Any CPU.Build.0 = Debug|Any CPU
		{037B6DCC-8249-474C-AD60-60DE9E917EDC}.Ad-Hoc|iPhone.ActiveCfg = Debug|Any CPU
		{037B6DCC-8249-474C-AD60-60DE9E917EDC}.Ad-Hoc|iPhone.Build.0 = Debug|Any CPU
		{037B6DCC-8249-474C-AD60-60DE9E917EDC}.Ad-Hoc|iPhoneSimulator.ActiveCfg = Debug|Any CPU
		{037B6DCC-8249-474C-AD60-60DE9E917EDC}.Ad-Hoc|iPhoneSimulator.Build.0 = Debug|Any CPU
		{037B6DCC-8249-474C-AD60-60DE9E917EDC}.Ad-Hoc|Mixed Platforms.ActiveCfg = Debug|Any CPU
		{037B6DCC-8249-474C-AD60-60DE9E917EDC}.Ad-Hoc|Mixed Platforms.Build.0 = Debug|Any CPU
		{037B6DCC-8249-474C-AD60-60DE9E917EDC}.AppStore|Any CPU.ActiveCfg = Debug|Any CPU
		{037B6DCC-8249-474C-AD60-60DE9E917EDC}.AppStore|Any CPU.Build.0 = Debug|Any CPU
		{037B6DCC-8249-474C-AD60-60DE9E917EDC}.AppStore|iPhone.ActiveCfg = Debug|Any CPU
		{037B6DCC-8249-474C-AD60-60DE9E917EDC}.AppStore|iPhone.Build.0 = Debug|Any CPU
		{037B6DCC-8249-474C-AD60-60DE9E917EDC}.AppStore|iPhoneSimulator.ActiveCfg = Debug|Any CPU
		{037B6DCC-8249-474C-AD60-60DE9E917EDC}.AppStore|iPhoneSimulator.Build.0 = Debug|Any CPU
		{037B6DCC-8249-474C-AD60-60DE9E917EDC}.AppStore|Mixed Platforms.ActiveCfg = Debug|Any CPU
		{037B6DCC-8249-474C-AD60-60DE9E917EDC}.AppStore|Mixed Platforms.Build.0 = Debug|Any CPU
		{037B6DCC-8249-474C-AD60-60DE9E917EDC}.Debug|Any CPU.ActiveCfg = Debug|Any CPU
		{037B6DCC-8249-474C-AD60-60DE9E917EDC}.Debug|Any CPU.Build.0 = Debug|Any CPU
		{037B6DCC-8249-474C-AD60-60DE9E917EDC}.Debug|iPhone.ActiveCfg = Debug|Any CPU
		{037B6DCC-8249-474C-AD60-60DE9E917EDC}.Debug|iPhone.Build.0 = Debug|Any CPU
		{037B6DCC-8249-474C-AD60-60DE9E917EDC}.Debug|iPhoneSimulator.ActiveCfg = Debug|Any CPU
		{037B6DCC-8249-474C-AD60-60DE9E917EDC}.Debug|iPhoneSimulator.Build.0 = Debug|Any CPU
		{037B6DCC-8249-474C-AD60-60DE9E917EDC}.Debug|Mixed Platforms.ActiveCfg = Debug|Any CPU
		{037B6DCC-8249-474C-AD60-60DE9E917EDC}.Release|Any CPU.ActiveCfg = Release|Any CPU
		{037B6DCC-8249-474C-AD60-60DE9E917EDC}.Release|Any CPU.Build.0 = Release|Any CPU
		{037B6DCC-8249-474C-AD60-60DE9E917EDC}.Release|iPhone.ActiveCfg = Release|Any CPU
		{037B6DCC-8249-474C-AD60-60DE9E917EDC}.Release|iPhone.Build.0 = Release|Any CPU
		{037B6DCC-8249-474C-AD60-60DE9E917EDC}.Release|iPhoneSimulator.ActiveCfg = Release|Any CPU
		{037B6DCC-8249-474C-AD60-60DE9E917EDC}.Release|iPhoneSimulator.Build.0 = Release|Any CPU
		{037B6DCC-8249-474C-AD60-60DE9E917EDC}.Release|Mixed Platforms.ActiveCfg = Release|Any CPU
		{D27D66C8-240D-4B7F-A9FE-B10E237668A1}.Ad-Hoc|Any CPU.ActiveCfg = Debug|Any CPU
		{D27D66C8-240D-4B7F-A9FE-B10E237668A1}.Ad-Hoc|Any CPU.Build.0 = Debug|Any CPU
		{D27D66C8-240D-4B7F-A9FE-B10E237668A1}.Ad-Hoc|iPhone.ActiveCfg = Debug|Any CPU
		{D27D66C8-240D-4B7F-A9FE-B10E237668A1}.Ad-Hoc|iPhone.Build.0 = Debug|Any CPU
		{D27D66C8-240D-4B7F-A9FE-B10E237668A1}.Ad-Hoc|iPhoneSimulator.ActiveCfg = Debug|Any CPU
		{D27D66C8-240D-4B7F-A9FE-B10E237668A1}.Ad-Hoc|iPhoneSimulator.Build.0 = Debug|Any CPU
		{D27D66C8-240D-4B7F-A9FE-B10E237668A1}.Ad-Hoc|Mixed Platforms.ActiveCfg = Debug|Any CPU
		{D27D66C8-240D-4B7F-A9FE-B10E237668A1}.Ad-Hoc|Mixed Platforms.Build.0 = Debug|Any CPU
		{D27D66C8-240D-4B7F-A9FE-B10E237668A1}.AppStore|Any CPU.ActiveCfg = Debug|Any CPU
		{D27D66C8-240D-4B7F-A9FE-B10E237668A1}.AppStore|Any CPU.Build.0 = Debug|Any CPU
		{D27D66C8-240D-4B7F-A9FE-B10E237668A1}.AppStore|iPhone.ActiveCfg = Debug|Any CPU
		{D27D66C8-240D-4B7F-A9FE-B10E237668A1}.AppStore|iPhone.Build.0 = Debug|Any CPU
		{D27D66C8-240D-4B7F-A9FE-B10E237668A1}.AppStore|iPhoneSimulator.ActiveCfg = Debug|Any CPU
		{D27D66C8-240D-4B7F-A9FE-B10E237668A1}.AppStore|iPhoneSimulator.Build.0 = Debug|Any CPU
		{D27D66C8-240D-4B7F-A9FE-B10E237668A1}.AppStore|Mixed Platforms.ActiveCfg = Debug|Any CPU
		{D27D66C8-240D-4B7F-A9FE-B10E237668A1}.AppStore|Mixed Platforms.Build.0 = Debug|Any CPU
		{D27D66C8-240D-4B7F-A9FE-B10E237668A1}.Debug|Any CPU.ActiveCfg = Debug|Any CPU
		{D27D66C8-240D-4B7F-A9FE-B10E237668A1}.Debug|Any CPU.Build.0 = Debug|Any CPU
		{D27D66C8-240D-4B7F-A9FE-B10E237668A1}.Debug|iPhone.ActiveCfg = Debug|Any CPU
		{D27D66C8-240D-4B7F-A9FE-B10E237668A1}.Debug|iPhone.Build.0 = Debug|Any CPU
		{D27D66C8-240D-4B7F-A9FE-B10E237668A1}.Debug|iPhoneSimulator.ActiveCfg = Debug|Any CPU
		{D27D66C8-240D-4B7F-A9FE-B10E237668A1}.Debug|iPhoneSimulator.Build.0 = Debug|Any CPU
		{D27D66C8-240D-4B7F-A9FE-B10E237668A1}.Debug|Mixed Platforms.ActiveCfg = Debug|Any CPU
		{D27D66C8-240D-4B7F-A9FE-B10E237668A1}.Debug|Mixed Platforms.Build.0 = Debug|Any CPU
		{D27D66C8-240D-4B7F-A9FE-B10E237668A1}.Release|Any CPU.ActiveCfg = Release|Any CPU
		{D27D66C8-240D-4B7F-A9FE-B10E237668A1}.Release|Any CPU.Build.0 = Release|Any CPU
		{D27D66C8-240D-4B7F-A9FE-B10E237668A1}.Release|iPhone.ActiveCfg = Release|Any CPU
		{D27D66C8-240D-4B7F-A9FE-B10E237668A1}.Release|iPhone.Build.0 = Release|Any CPU
		{D27D66C8-240D-4B7F-A9FE-B10E237668A1}.Release|iPhoneSimulator.ActiveCfg = Release|Any CPU
		{D27D66C8-240D-4B7F-A9FE-B10E237668A1}.Release|iPhoneSimulator.Build.0 = Release|Any CPU
		{D27D66C8-240D-4B7F-A9FE-B10E237668A1}.Release|Mixed Platforms.ActiveCfg = Release|Any CPU
		{D27D66C8-240D-4B7F-A9FE-B10E237668A1}.Release|Mixed Platforms.Build.0 = Release|Any CPU
		{57899B31-5054-411E-B89B-AC949EA244AC}.Ad-Hoc|Any CPU.ActiveCfg = Debug|Any CPU
		{57899B31-5054-411E-B89B-AC949EA244AC}.Ad-Hoc|Any CPU.Build.0 = Debug|Any CPU
		{57899B31-5054-411E-B89B-AC949EA244AC}.Ad-Hoc|iPhone.ActiveCfg = Debug|Any CPU
		{57899B31-5054-411E-B89B-AC949EA244AC}.Ad-Hoc|iPhone.Build.0 = Debug|Any CPU
		{57899B31-5054-411E-B89B-AC949EA244AC}.Ad-Hoc|iPhoneSimulator.ActiveCfg = Debug|Any CPU
		{57899B31-5054-411E-B89B-AC949EA244AC}.Ad-Hoc|iPhoneSimulator.Build.0 = Debug|Any CPU
		{57899B31-5054-411E-B89B-AC949EA244AC}.Ad-Hoc|Mixed Platforms.ActiveCfg = Debug|Any CPU
		{57899B31-5054-411E-B89B-AC949EA244AC}.Ad-Hoc|Mixed Platforms.Build.0 = Debug|Any CPU
		{57899B31-5054-411E-B89B-AC949EA244AC}.AppStore|Any CPU.ActiveCfg = Debug|Any CPU
		{57899B31-5054-411E-B89B-AC949EA244AC}.AppStore|Any CPU.Build.0 = Debug|Any CPU
		{57899B31-5054-411E-B89B-AC949EA244AC}.AppStore|iPhone.ActiveCfg = Debug|Any CPU
		{57899B31-5054-411E-B89B-AC949EA244AC}.AppStore|iPhone.Build.0 = Debug|Any CPU
		{57899B31-5054-411E-B89B-AC949EA244AC}.AppStore|iPhoneSimulator.ActiveCfg = Debug|Any CPU
		{57899B31-5054-411E-B89B-AC949EA244AC}.AppStore|iPhoneSimulator.Build.0 = Debug|Any CPU
		{57899B31-5054-411E-B89B-AC949EA244AC}.AppStore|Mixed Platforms.ActiveCfg = Debug|Any CPU
		{57899B31-5054-411E-B89B-AC949EA244AC}.AppStore|Mixed Platforms.Build.0 = Debug|Any CPU
		{57899B31-5054-411E-B89B-AC949EA244AC}.Debug|Any CPU.ActiveCfg = Debug|Any CPU
		{57899B31-5054-411E-B89B-AC949EA244AC}.Debug|Any CPU.Build.0 = Debug|Any CPU
		{57899B31-5054-411E-B89B-AC949EA244AC}.Debug|iPhone.ActiveCfg = Debug|Any CPU
		{57899B31-5054-411E-B89B-AC949EA244AC}.Debug|iPhone.Build.0 = Debug|Any CPU
		{57899B31-5054-411E-B89B-AC949EA244AC}.Debug|iPhoneSimulator.ActiveCfg = Debug|Any CPU
		{57899B31-5054-411E-B89B-AC949EA244AC}.Debug|iPhoneSimulator.Build.0 = Debug|Any CPU
		{57899B31-5054-411E-B89B-AC949EA244AC}.Debug|Mixed Platforms.ActiveCfg = Debug|Any CPU
		{57899B31-5054-411E-B89B-AC949EA244AC}.Debug|Mixed Platforms.Build.0 = Debug|Any CPU
		{57899B31-5054-411E-B89B-AC949EA244AC}.Release|Any CPU.ActiveCfg = Release|Any CPU
		{57899B31-5054-411E-B89B-AC949EA244AC}.Release|Any CPU.Build.0 = Release|Any CPU
		{57899B31-5054-411E-B89B-AC949EA244AC}.Release|iPhone.ActiveCfg = Release|Any CPU
		{57899B31-5054-411E-B89B-AC949EA244AC}.Release|iPhone.Build.0 = Release|Any CPU
		{57899B31-5054-411E-B89B-AC949EA244AC}.Release|iPhoneSimulator.ActiveCfg = Release|Any CPU
		{57899B31-5054-411E-B89B-AC949EA244AC}.Release|iPhoneSimulator.Build.0 = Release|Any CPU
		{57899B31-5054-411E-B89B-AC949EA244AC}.Release|Mixed Platforms.ActiveCfg = Release|Any CPU
		{57899B31-5054-411E-B89B-AC949EA244AC}.Release|Mixed Platforms.Build.0 = Release|Any CPU
		{48AE832A-29C0-4778-94A4-31E2F6E10805}.Ad-Hoc|Any CPU.ActiveCfg = Release|Any CPU
		{48AE832A-29C0-4778-94A4-31E2F6E10805}.Ad-Hoc|Any CPU.Build.0 = Release|Any CPU
		{48AE832A-29C0-4778-94A4-31E2F6E10805}.Ad-Hoc|iPhone.ActiveCfg = Release|Any CPU
		{48AE832A-29C0-4778-94A4-31E2F6E10805}.Ad-Hoc|iPhone.Build.0 = Release|Any CPU
		{48AE832A-29C0-4778-94A4-31E2F6E10805}.Ad-Hoc|iPhoneSimulator.ActiveCfg = Release|Any CPU
		{48AE832A-29C0-4778-94A4-31E2F6E10805}.Ad-Hoc|iPhoneSimulator.Build.0 = Release|Any CPU
		{48AE832A-29C0-4778-94A4-31E2F6E10805}.Ad-Hoc|Mixed Platforms.ActiveCfg = Release|Any CPU
		{48AE832A-29C0-4778-94A4-31E2F6E10805}.Ad-Hoc|Mixed Platforms.Build.0 = Release|Any CPU
		{48AE832A-29C0-4778-94A4-31E2F6E10805}.AppStore|Any CPU.ActiveCfg = Release|Any CPU
		{48AE832A-29C0-4778-94A4-31E2F6E10805}.AppStore|Any CPU.Build.0 = Release|Any CPU
		{48AE832A-29C0-4778-94A4-31E2F6E10805}.AppStore|iPhone.ActiveCfg = Release|Any CPU
		{48AE832A-29C0-4778-94A4-31E2F6E10805}.AppStore|iPhone.Build.0 = Release|Any CPU
		{48AE832A-29C0-4778-94A4-31E2F6E10805}.AppStore|iPhoneSimulator.ActiveCfg = Release|Any CPU
		{48AE832A-29C0-4778-94A4-31E2F6E10805}.AppStore|iPhoneSimulator.Build.0 = Release|Any CPU
		{48AE832A-29C0-4778-94A4-31E2F6E10805}.AppStore|Mixed Platforms.ActiveCfg = Release|Any CPU
		{48AE832A-29C0-4778-94A4-31E2F6E10805}.AppStore|Mixed Platforms.Build.0 = Release|Any CPU
		{48AE832A-29C0-4778-94A4-31E2F6E10805}.Debug|Any CPU.ActiveCfg = Debug|Any CPU
		{48AE832A-29C0-4778-94A4-31E2F6E10805}.Debug|Any CPU.Build.0 = Debug|Any CPU
		{48AE832A-29C0-4778-94A4-31E2F6E10805}.Debug|iPhone.ActiveCfg = Debug|Any CPU
		{48AE832A-29C0-4778-94A4-31E2F6E10805}.Debug|iPhone.Build.0 = Debug|Any CPU
		{48AE832A-29C0-4778-94A4-31E2F6E10805}.Debug|iPhoneSimulator.ActiveCfg = Debug|Any CPU
		{48AE832A-29C0-4778-94A4-31E2F6E10805}.Debug|iPhoneSimulator.Build.0 = Debug|Any CPU
		{48AE832A-29C0-4778-94A4-31E2F6E10805}.Debug|Mixed Platforms.ActiveCfg = Debug|Any CPU
		{48AE832A-29C0-4778-94A4-31E2F6E10805}.Debug|Mixed Platforms.Build.0 = Debug|Any CPU
		{48AE832A-29C0-4778-94A4-31E2F6E10805}.Release|Any CPU.ActiveCfg = Release|Any CPU
		{48AE832A-29C0-4778-94A4-31E2F6E10805}.Release|Any CPU.Build.0 = Release|Any CPU
		{48AE832A-29C0-4778-94A4-31E2F6E10805}.Release|iPhone.ActiveCfg = Release|Any CPU
		{48AE832A-29C0-4778-94A4-31E2F6E10805}.Release|iPhone.Build.0 = Release|Any CPU
		{48AE832A-29C0-4778-94A4-31E2F6E10805}.Release|iPhoneSimulator.ActiveCfg = Release|Any CPU
		{48AE832A-29C0-4778-94A4-31E2F6E10805}.Release|iPhoneSimulator.Build.0 = Release|Any CPU
		{48AE832A-29C0-4778-94A4-31E2F6E10805}.Release|Mixed Platforms.ActiveCfg = Release|Any CPU
		{48AE832A-29C0-4778-94A4-31E2F6E10805}.Release|Mixed Platforms.Build.0 = Release|Any CPU
		{0A32978C-BC48-4DFB-B1F7-B88541B0D686}.Ad-Hoc|Any CPU.ActiveCfg = Release|Any CPU
		{0A32978C-BC48-4DFB-B1F7-B88541B0D686}.Ad-Hoc|Any CPU.Build.0 = Release|Any CPU
		{0A32978C-BC48-4DFB-B1F7-B88541B0D686}.Ad-Hoc|iPhone.ActiveCfg = Release|Any CPU
		{0A32978C-BC48-4DFB-B1F7-B88541B0D686}.Ad-Hoc|iPhone.Build.0 = Release|Any CPU
		{0A32978C-BC48-4DFB-B1F7-B88541B0D686}.Ad-Hoc|iPhoneSimulator.ActiveCfg = Release|Any CPU
		{0A32978C-BC48-4DFB-B1F7-B88541B0D686}.Ad-Hoc|iPhoneSimulator.Build.0 = Release|Any CPU
		{0A32978C-BC48-4DFB-B1F7-B88541B0D686}.Ad-Hoc|Mixed Platforms.ActiveCfg = Release|Any CPU
		{0A32978C-BC48-4DFB-B1F7-B88541B0D686}.Ad-Hoc|Mixed Platforms.Build.0 = Release|Any CPU
		{0A32978C-BC48-4DFB-B1F7-B88541B0D686}.AppStore|Any CPU.ActiveCfg = Release|Any CPU
		{0A32978C-BC48-4DFB-B1F7-B88541B0D686}.AppStore|Any CPU.Build.0 = Release|Any CPU
		{0A32978C-BC48-4DFB-B1F7-B88541B0D686}.AppStore|iPhone.ActiveCfg = Release|Any CPU
		{0A32978C-BC48-4DFB-B1F7-B88541B0D686}.AppStore|iPhone.Build.0 = Release|Any CPU
		{0A32978C-BC48-4DFB-B1F7-B88541B0D686}.AppStore|iPhoneSimulator.ActiveCfg = Release|Any CPU
		{0A32978C-BC48-4DFB-B1F7-B88541B0D686}.AppStore|iPhoneSimulator.Build.0 = Release|Any CPU
		{0A32978C-BC48-4DFB-B1F7-B88541B0D686}.AppStore|Mixed Platforms.ActiveCfg = Release|Any CPU
		{0A32978C-BC48-4DFB-B1F7-B88541B0D686}.AppStore|Mixed Platforms.Build.0 = Release|Any CPU
		{0A32978C-BC48-4DFB-B1F7-B88541B0D686}.Debug|Any CPU.ActiveCfg = Debug|Any CPU
		{0A32978C-BC48-4DFB-B1F7-B88541B0D686}.Debug|Any CPU.Build.0 = Debug|Any CPU
		{0A32978C-BC48-4DFB-B1F7-B88541B0D686}.Debug|iPhone.ActiveCfg = Debug|Any CPU
		{0A32978C-BC48-4DFB-B1F7-B88541B0D686}.Debug|iPhone.Build.0 = Debug|Any CPU
		{0A32978C-BC48-4DFB-B1F7-B88541B0D686}.Debug|iPhoneSimulator.ActiveCfg = Debug|Any CPU
		{0A32978C-BC48-4DFB-B1F7-B88541B0D686}.Debug|iPhoneSimulator.Build.0 = Debug|Any CPU
		{0A32978C-BC48-4DFB-B1F7-B88541B0D686}.Debug|Mixed Platforms.ActiveCfg = Debug|Any CPU
		{0A32978C-BC48-4DFB-B1F7-B88541B0D686}.Debug|Mixed Platforms.Build.0 = Debug|Any CPU
		{0A32978C-BC48-4DFB-B1F7-B88541B0D686}.Release|Any CPU.ActiveCfg = Release|Any CPU
		{0A32978C-BC48-4DFB-B1F7-B88541B0D686}.Release|Any CPU.Build.0 = Release|Any CPU
		{0A32978C-BC48-4DFB-B1F7-B88541B0D686}.Release|iPhone.ActiveCfg = Release|Any CPU
		{0A32978C-BC48-4DFB-B1F7-B88541B0D686}.Release|iPhone.Build.0 = Release|Any CPU
		{0A32978C-BC48-4DFB-B1F7-B88541B0D686}.Release|iPhoneSimulator.ActiveCfg = Release|Any CPU
		{0A32978C-BC48-4DFB-B1F7-B88541B0D686}.Release|iPhoneSimulator.Build.0 = Release|Any CPU
		{0A32978C-BC48-4DFB-B1F7-B88541B0D686}.Release|Mixed Platforms.ActiveCfg = Release|Any CPU
		{0A32978C-BC48-4DFB-B1F7-B88541B0D686}.Release|Mixed Platforms.Build.0 = Release|Any CPU
		{D00A7C13-AB11-46F0-A694-8986DEC6AC5D}.Ad-Hoc|Any CPU.ActiveCfg = Release|Any CPU
		{D00A7C13-AB11-46F0-A694-8986DEC6AC5D}.Ad-Hoc|Any CPU.Build.0 = Release|Any CPU
		{D00A7C13-AB11-46F0-A694-8986DEC6AC5D}.Ad-Hoc|iPhone.ActiveCfg = Release|Any CPU
		{D00A7C13-AB11-46F0-A694-8986DEC6AC5D}.Ad-Hoc|iPhone.Build.0 = Release|Any CPU
		{D00A7C13-AB11-46F0-A694-8986DEC6AC5D}.Ad-Hoc|iPhoneSimulator.ActiveCfg = Release|Any CPU
		{D00A7C13-AB11-46F0-A694-8986DEC6AC5D}.Ad-Hoc|iPhoneSimulator.Build.0 = Release|Any CPU
		{D00A7C13-AB11-46F0-A694-8986DEC6AC5D}.Ad-Hoc|Mixed Platforms.ActiveCfg = Release|Any CPU
		{D00A7C13-AB11-46F0-A694-8986DEC6AC5D}.Ad-Hoc|Mixed Platforms.Build.0 = Release|Any CPU
		{D00A7C13-AB11-46F0-A694-8986DEC6AC5D}.AppStore|Any CPU.ActiveCfg = Release|Any CPU
		{D00A7C13-AB11-46F0-A694-8986DEC6AC5D}.AppStore|Any CPU.Build.0 = Release|Any CPU
		{D00A7C13-AB11-46F0-A694-8986DEC6AC5D}.AppStore|iPhone.ActiveCfg = Release|Any CPU
		{D00A7C13-AB11-46F0-A694-8986DEC6AC5D}.AppStore|iPhone.Build.0 = Release|Any CPU
		{D00A7C13-AB11-46F0-A694-8986DEC6AC5D}.AppStore|iPhoneSimulator.ActiveCfg = Release|Any CPU
		{D00A7C13-AB11-46F0-A694-8986DEC6AC5D}.AppStore|iPhoneSimulator.Build.0 = Release|Any CPU
		{D00A7C13-AB11-46F0-A694-8986DEC6AC5D}.AppStore|Mixed Platforms.ActiveCfg = Release|Any CPU
		{D00A7C13-AB11-46F0-A694-8986DEC6AC5D}.AppStore|Mixed Platforms.Build.0 = Release|Any CPU
		{D00A7C13-AB11-46F0-A694-8986DEC6AC5D}.Debug|Any CPU.ActiveCfg = Debug|Any CPU
		{D00A7C13-AB11-46F0-A694-8986DEC6AC5D}.Debug|Any CPU.Build.0 = Debug|Any CPU
		{D00A7C13-AB11-46F0-A694-8986DEC6AC5D}.Debug|iPhone.ActiveCfg = Debug|Any CPU
		{D00A7C13-AB11-46F0-A694-8986DEC6AC5D}.Debug|iPhone.Build.0 = Debug|Any CPU
		{D00A7C13-AB11-46F0-A694-8986DEC6AC5D}.Debug|iPhoneSimulator.ActiveCfg = Debug|Any CPU
		{D00A7C13-AB11-46F0-A694-8986DEC6AC5D}.Debug|iPhoneSimulator.Build.0 = Debug|Any CPU
		{D00A7C13-AB11-46F0-A694-8986DEC6AC5D}.Debug|Mixed Platforms.ActiveCfg = Debug|Any CPU
		{D00A7C13-AB11-46F0-A694-8986DEC6AC5D}.Debug|Mixed Platforms.Build.0 = Debug|Any CPU
		{D00A7C13-AB11-46F0-A694-8986DEC6AC5D}.Release|Any CPU.ActiveCfg = Release|Any CPU
		{D00A7C13-AB11-46F0-A694-8986DEC6AC5D}.Release|Any CPU.Build.0 = Release|Any CPU
		{D00A7C13-AB11-46F0-A694-8986DEC6AC5D}.Release|iPhone.ActiveCfg = Release|Any CPU
		{D00A7C13-AB11-46F0-A694-8986DEC6AC5D}.Release|iPhone.Build.0 = Release|Any CPU
		{D00A7C13-AB11-46F0-A694-8986DEC6AC5D}.Release|iPhoneSimulator.ActiveCfg = Release|Any CPU
		{D00A7C13-AB11-46F0-A694-8986DEC6AC5D}.Release|iPhoneSimulator.Build.0 = Release|Any CPU
		{D00A7C13-AB11-46F0-A694-8986DEC6AC5D}.Release|Mixed Platforms.ActiveCfg = Release|Any CPU
		{D00A7C13-AB11-46F0-A694-8986DEC6AC5D}.Release|Mixed Platforms.Build.0 = Release|Any CPU
	EndGlobalSection
	GlobalSection(SolutionProperties) = preSolution
		HideSolutionNode = FALSE
	EndGlobalSection
	GlobalSection(NestedProjects) = preSolution
		{4C7C0861-84F6-436E-8FA6-4C318B336A7B} = {CF0659E1-9C0D-4D35-8FBA-CC5E94619853}
		{3F6BE828-FA29-429E-99E1-F1FCDFDC1205} = {CF0659E1-9C0D-4D35-8FBA-CC5E94619853}
		{49CB777F-D13D-401A-9206-48A6B2ECB276} = {CF0659E1-9C0D-4D35-8FBA-CC5E94619853}
		{52C8C00D-9BD2-4642-B103-F0A8C564FE05} = {2E0F19CD-3A0D-42BF-8F85-85B113FD546C}
		{52CE5E08-8F02-4F75-8B64-8E00E3262A0F} = {2E0F19CD-3A0D-42BF-8F85-85B113FD546C}
		{037B6DCC-8249-474C-AD60-60DE9E917EDC} = {FA115433-6141-4A60-B3F2-8A5972632B50}
		{734E6962-97E2-4318-9A2D-C87E76921AFB} = {2E0F19CD-3A0D-42BF-8F85-85B113FD546C}
		{ED944C76-9613-474E-9861-54E41A3E77CD} = {2E0F19CD-3A0D-42BF-8F85-85B113FD546C}
		{19C1BEFD-9DF7-4EFA-9D7D-37B0DC6EEF54} = {FA115433-6141-4A60-B3F2-8A5972632B50}
		{D27D66C8-240D-4B7F-A9FE-B10E237668A1} = {2E0F19CD-3A0D-42BF-8F85-85B113FD546C}
		{57899B31-5054-411E-B89B-AC949EA244AC} = {CF0659E1-9C0D-4D35-8FBA-CC5E94619853}
		{48AE832A-29C0-4778-94A4-31E2F6E10805} = {FA115433-6141-4A60-B3F2-8A5972632B50}
		{0A32978C-BC48-4DFB-B1F7-B88541B0D686} = {FA115433-6141-4A60-B3F2-8A5972632B50}
		{D00A7C13-AB11-46F0-A694-8986DEC6AC5D} = {FA115433-6141-4A60-B3F2-8A5972632B50}
	EndGlobalSection
EndGlobal
