
Microsoft Visual Studio Solution File, Format Version 12.00
# Visual Studio 2012
Project("{FAE04EC0-301F-11D3-BF4B-00C04F79EFBC}") = "Flurl", "Flurl\Flurl.csproj", "{70A34167-759E-4902-82E0-E6A84C2CE46F}"
EndProject
Project("{FAE04EC0-301F-11D3-BF4B-00C04F79EFBC}") = "Flurl.Test", "Flurl.Test\Flurl.Test.csproj", "{81F583F8-1D15-4E0B-8064-EB892042C09A}"
EndProject
Project("{2150E333-8FDC-42A3-9474-1A3956D46DE8}") = ".nuget", ".nuget", "{BA3FF997-39E0-49F7-AD38-C3B80225AC41}"
	ProjectSection(SolutionItems) = preProject
		.nuget\NuGet.Config = .nuget\NuGet.Config
		.nuget\NuGet.exe = .nuget\NuGet.exe
		.nuget\NuGet.targets = .nuget\NuGet.targets
	EndProjectSection
EndProject
Project("{2150E333-8FDC-42A3-9474-1A3956D46DE8}") = "Solution Items", "Solution Items", "{EB46FFA3-B1A5-4137-8B5F-8CC9F7422A12}"
	ProjectSection(SolutionItems) = preProject
		README.md = README.md
	EndProjectSection
EndProject
Project("{FAE04EC0-301F-11D3-BF4B-00C04F79EFBC}") = "Flurl.Http", "Flurl.Http\Flurl.Http.csproj", "{4C163DD1-318A-42C0-ACF2-9E0D766D8900}"
EndProject
Project("{FAE04EC0-301F-11D3-BF4B-00C04F79EFBC}") = "PackageTester", "PackageTester\PackageTester.csproj", "{05102114-F54E-4FC7-B1F6-424BEC41D29B}"
EndProject
Global
	GlobalSection(SolutionConfigurationPlatforms) = preSolution
		Debug|Any CPU = Debug|Any CPU
		Release|Any CPU = Release|Any CPU
	EndGlobalSection
	GlobalSection(ProjectConfigurationPlatforms) = postSolution
		{70A34167-759E-4902-82E0-E6A84C2CE46F}.Debug|Any CPU.ActiveCfg = Debug|Any CPU
		{70A34167-759E-4902-82E0-E6A84C2CE46F}.Debug|Any CPU.Build.0 = Debug|Any CPU
		{70A34167-759E-4902-82E0-E6A84C2CE46F}.Release|Any CPU.ActiveCfg = Release|Any CPU
		{70A34167-759E-4902-82E0-E6A84C2CE46F}.Release|Any CPU.Build.0 = Release|Any CPU
		{81F583F8-1D15-4E0B-8064-EB892042C09A}.Debug|Any CPU.ActiveCfg = Debug|Any CPU
		{81F583F8-1D15-4E0B-8064-EB892042C09A}.Debug|Any CPU.Build.0 = Debug|Any CPU
		{81F583F8-1D15-4E0B-8064-EB892042C09A}.Release|Any CPU.ActiveCfg = Release|Any CPU
		{81F583F8-1D15-4E0B-8064-EB892042C09A}.Release|Any CPU.Build.0 = Release|Any CPU
		{4C163DD1-318A-42C0-ACF2-9E0D766D8900}.Debug|Any CPU.ActiveCfg = Debug|Any CPU
		{4C163DD1-318A-42C0-ACF2-9E0D766D8900}.Debug|Any CPU.Build.0 = Debug|Any CPU
		{4C163DD1-318A-42C0-ACF2-9E0D766D8900}.Release|Any CPU.ActiveCfg = Release|Any CPU
		{4C163DD1-318A-42C0-ACF2-9E0D766D8900}.Release|Any CPU.Build.0 = Release|Any CPU
		{05102114-F54E-4FC7-B1F6-424BEC41D29B}.Debug|Any CPU.ActiveCfg = Debug|Any CPU
		{05102114-F54E-4FC7-B1F6-424BEC41D29B}.Debug|Any CPU.Build.0 = Debug|Any CPU
		{05102114-F54E-4FC7-B1F6-424BEC41D29B}.Release|Any CPU.ActiveCfg = Release|Any CPU
	EndGlobalSection
	GlobalSection(SolutionProperties) = preSolution
		HideSolutionNode = FALSE
	EndGlobalSection
EndGlobal
